<?xml version="1.0" encoding="utf-8"?>
<Project ToolsVersion="4.0" xmlns="http://schemas.microsoft.com/developer/msbuild/2003">
  <ItemGroup>
    <ClCompile Include="Source\audio.cpp" />
    <ClCompile Include="Source\game.cpp" />
    <ClCompile Include="Source\gameDoc.cpp" />
    <ClCompile Include="Source\gameView.cpp" />
    <ClCompile Include="Source\GUI\Buttons\Button.cpp" />
    <ClCompile Include="Source\GUI\Frames\EntityDataButtonFrame.cpp" />
    <ClCompile Include="Source\GUI\Frames\EntityDataFrame.cpp" />
    <ClCompile Include="Source\GUI\GUI.cpp" />
    <ClCompile Include="Source\GUI\Frames\miniMap.cpp" />
    <ClCompile Include="Source\GUI\Frames\ResourceFrame.cpp" />
    <ClCompile Include="Source\MainFrm.cpp" />
    <ClCompile Include="Source\StdAfx.cpp" />
    <ClCompile Include="Source\gamelib.cpp" />
    <ClCompile Include="Source\mygame.cpp" />
    <ClCompile Include="Source\Units\Navigator.cpp" />
    <ClCompile Include="Source\World.cpp" />
    <ClCompile Include="Source\socket\NetWork.cpp" />
    <ClCompile Include="Source\socket\ServerSocket.cpp" />
    <ClCompile Include="Source\socket\ClientSocket.cpp" />
    <ClCompile Include="Source\ID.cpp" />
    <ClCompile Include="Source\GUI\Buttons\Building_Button.cpp" />
    <ClCompile Include="Source\Units\Mine.cpp" />
    <ClCompile Include="Source\Units\Villager.cpp" />
    <ClCompile Include="Source\Units\EntityFactory.cpp" />
    <ClCompile Include="Source\Units\Attack.cpp" />
    <ClCompile Include="Source\Units\TownCenter.cpp" />
    <ClCompile Include="Source\GUI\Frames\StartMenuFrame.cpp" />
    <ClCompile Include="Source\GUI\Buttons\StartMenu_Leave_Button.cpp" />
    <ClCompile Include="Source\GUI\Buttons\StartMenu_MulitGame_Button.cpp" />
    <ClCompile Include="Source\GUI\Buttons\StartMenu_CreateServer_Button.cpp" />
    <ClCompile Include="Source\GUI\Buttons\StartMenu_JoinServer_Button.cpp" />
    <ClCompile Include="Source\GUI\Frames\ServerFrame.cpp" />
    <ClCompile Include="Source\GUI\Frames\IPFrame.cpp" />
    <ClCompile Include="Source\GUI\Buttons\StartMenu_JoinServer2_Button.cpp" />
    <ClCompile Include="Source\GUI\Buttons\StartMenu_MapEditor_Button.cpp" />
    <ClCompile Include="Source\Units\Stone.cpp" />
  </ItemGroup>
  <ItemGroup>
    <ClInclude Include="Source\audio.h" />
    <ClInclude Include="Source\game.h" />
    <ClInclude Include="Source\gameDoc.h" />
    <ClInclude Include="Source\gameView.h" />
    <ClInclude Include="Source\GUI\Buttons\Building_Button.h" />
    <ClInclude Include="Source\GUI\Buttons\Button.h" />
    <ClInclude Include="Source\GUI\Buttons\House_Button.h" />
    <ClInclude Include="Source\GUI\Buttons\Military_Button.h" />
    <ClInclude Include="Source\GUI\Frames\EntityDataButtonFrame.h" />
    <ClInclude Include="Source\GUI\Frames\EntityDataFrame.h" />
    <ClInclude Include="Source\GUI\GUI.h" />
    <ClInclude Include="Source\GUI\Frames\miniMap.h" />
    <ClInclude Include="Source\GUI\Frames\ResourceFrame.h" />
    <ClInclude Include="Source\MainFrm.h" />
    <ClInclude Include="Source\Player\GameResource.h" />
    <ClInclude Include="Source\Player\Player.h" />
    <ClInclude Include="Source\Resource.h" />
    <ClInclude Include="Source\StdAfx.h" />
    <ClInclude Include="Source\gamelib.h" />
    <ClInclude Include="Source\mygame.h" />
    <ClInclude Include="Source\tools.h" />
    <ClInclude Include="Source\Units\Building.h" />
    <ClInclude Include="Source\Units\Entity.h" />
    <ClInclude Include="Source\Units\Gatherable.h" />
    <ClInclude Include="Source\Units\Mine.h" />
    <ClInclude Include="Source\Units\Navigator.h" />
    <ClInclude Include="Source\Units\TownCenter.h" />
    <ClInclude Include="Source\Units\UnitBase.h" />
    <ClInclude Include="Source\Units\Villager.h" />
    <ClInclude Include="Source\World.h" />
    <ClInclude Include="Source\socket\NetWork.h" />
    <ClInclude Include="Source\socket\ServerSocket.h" />
    <ClInclude Include="Source\socket\ClientSocket.h" />
    <ClInclude Include="Source\ID.h" />
    <ClInclude Include="Source\Units\Attack.h" />
    <ClInclude Include="Source\GUI\Frames\Frame.h" />
    <ClInclude Include="Source\GUI\Frames\StartMenuFrame.h" />
    <ClInclude Include="Source\GUI\Buttons\StartMenu_Leave_Button.h" />
    <ClInclude Include="Source\GUI\Buttons\StartMenu_MulitGame_Button.h" />
    <ClInclude Include="Source\GUI\Buttons\StartMenu_CreateServer_Button.h" />
    <ClInclude Include="Source\GUI\Buttons\StartMenu_JoinServer_Button.h" />
    <ClInclude Include="Source\GUI\Frames\ServerFrame.h" />
    <ClInclude Include="Source\GUI\Frames\IPFrame.h" />
    <ClInclude Include="Source\GUI\Buttons\StartMenu_JoinServer2_Button.h" />
    <ClInclude Include="Source\GUI\Buttons\StartMenu_MapEditor_Button.h" />
    <ClInclude Include="Source\Units\Stone.h" />
  </ItemGroup>
  <ItemGroup>
    <ResourceCompile Include="Source\game.rc" />
  </ItemGroup>
  <ItemGroup>
    <Image Include="res\bitmap3.bmp" />
    <Image Include="RES\buttonBackGround.bmp" />
    <Image Include="RES\Button_Icon\Building.bmp" />
    <Image Include="RES\Button_Icon\Cancel.bmp" />
    <Image Include="RES\Button_Icon\Destroy.bmp" />
    <Image Include="RES\Button_Icon\Dock.bmp" />
    <Image Include="RES\Button_Icon\Garrison.bmp" />
    <Image Include="RES\Button_Icon\House.bmp" />
    <Image Include="RES\Button_Icon\LumberCamp.bmp" />
    <Image Include="RES\Button_Icon\Military.bmp" />
    <Image Include="RES\Button_Icon\Mill.bmp" />
    <Image Include="RES\Button_Icon\MiningCamp.bmp" />
    <Image Include="RES\Button_Icon\NextPage.bmp" />
    <Image Include="RES\Button_Icon\Repair.bmp" />
    <Image Include="RES\Button_Icon\Stop.bmp" />
    <Image Include="RES\EntityDataBackGround.bmp" />
    <Image Include="RES\Gold_aoe2.bmp" />
    <Image Include="RES\Grass.bmp" />
    <Image Include="RES\map.bmp" />
    <Image Include="RES\MiniMap_Current_Location.bmp" />
    <Image Include="RES\MiniMap_Grass.bmp" />
    <Image Include="RES\MiniMap_Tree.bmp" />
    <Image Include="RES\MiniMap_Water.bmp" />
    <Image Include="RES\MminiMap_Human.bmp" />
    <Image Include="RES\resource.bmp" />
    <Image Include="RES\Stone_aoe2.bmp" />
    <Image Include="RES\Villager\VillagerIdle_0_0.bmp" />
    <Image Include="RES\Villager\VillagerIdle_0_1.bmp" />
    <Image Include="RES\Villager\VillagerIdle_0_10.bmp" />
    <Image Include="RES\Villager\VillagerIdle_0_11.bmp" />
    <Image Include="RES\Villager\VillagerIdle_0_12.bmp" />
    <Image Include="RES\Villager\VillagerIdle_0_13.bmp" />
    <Image Include="RES\Villager\VillagerIdle_0_14.bmp" />
    <Image Include="RES\Villager\VillagerIdle_0_2.bmp" />
    <Image Include="RES\Villager\VillagerIdle_0_3.bmp" />
    <Image Include="RES\Villager\VillagerIdle_0_4.bmp" />
    <Image Include="RES\Villager\VillagerIdle_0_5.bmp" />
    <Image Include="RES\Villager\VillagerIdle_0_6.bmp" />
    <Image Include="RES\Villager\VillagerIdle_0_7.bmp" />
    <Image Include="RES\Villager\VillagerIdle_0_8.bmp" />
    <Image Include="RES\Villager\VillagerIdle_0_9.bmp" />
    <Image Include="RES\Villager\VillagerIdle_1_0.bmp" />
    <Image Include="RES\Villager\VillagerIdle_1_1.bmp" />
    <Image Include="RES\Villager\VillagerIdle_1_10.bmp" />
    <Image Include="RES\Villager\VillagerIdle_1_11.bmp" />
    <Image Include="RES\Villager\VillagerIdle_1_12.bmp" />
    <Image Include="RES\Villager\VillagerIdle_1_13.bmp" />
    <Image Include="RES\Villager\VillagerIdle_1_14.bmp" />
    <Image Include="RES\Villager\VillagerIdle_1_2.bmp" />
    <Image Include="RES\Villager\VillagerIdle_1_3.bmp" />
    <Image Include="RES\Villager\VillagerIdle_1_4.bmp" />
    <Image Include="RES\Villager\VillagerIdle_1_5.bmp" />
    <Image Include="RES\Villager\VillagerIdle_1_6.bmp" />
    <Image Include="RES\Villager\VillagerIdle_1_7.bmp" />
    <Image Include="RES\Villager\VillagerIdle_1_8.bmp" />
    <Image Include="RES\Villager\VillagerIdle_1_9.bmp" />
    <Image Include="RES\Villager\VillagerIdle_2_0.bmp" />
    <Image Include="RES\Villager\VillagerIdle_2_1.bmp" />
    <Image Include="RES\Villager\VillagerIdle_2_10.bmp" />
    <Image Include="RES\Villager\VillagerIdle_2_11.bmp" />
    <Image Include="RES\Villager\VillagerIdle_2_12.bmp" />
    <Image Include="RES\Villager\VillagerIdle_2_13.bmp" />
    <Image Include="RES\Villager\VillagerIdle_2_14.bmp" />
    <Image Include="RES\Villager\VillagerIdle_2_2.bmp" />
    <Image Include="RES\Villager\VillagerIdle_2_3.bmp" />
    <Image Include="RES\Villager\VillagerIdle_2_4.bmp" />
    <Image Include="RES\Villager\VillagerIdle_2_5.bmp" />
    <Image Include="RES\Villager\VillagerIdle_2_6.bmp" />
    <Image Include="RES\Villager\VillagerIdle_2_7.bmp" />
    <Image Include="RES\Villager\VillagerIdle_2_8.bmp" />
    <Image Include="RES\Villager\VillagerIdle_2_9.bmp" />
    <Image Include="RES\Villager\VillagerIdle_3_0.bmp" />
    <Image Include="RES\Villager\VillagerIdle_3_1.bmp" />
    <Image Include="RES\Villager\VillagerIdle_3_10.bmp" />
    <Image Include="RES\Villager\VillagerIdle_3_11.bmp" />
    <Image Include="RES\Villager\VillagerIdle_3_12.bmp" />
    <Image Include="RES\Villager\VillagerIdle_3_13.bmp" />
    <Image Include="RES\Villager\VillagerIdle_3_14.bmp" />
    <Image Include="RES\Villager\VillagerIdle_3_2.bmp" />
    <Image Include="RES\Villager\VillagerIdle_3_3.bmp" />
    <Image Include="RES\Villager\VillagerIdle_3_4.bmp" />
    <Image Include="RES\Villager\VillagerIdle_3_5.bmp" />
    <Image Include="RES\Villager\VillagerIdle_3_6.bmp" />
    <Image Include="RES\Villager\VillagerIdle_3_7.bmp" />
    <Image Include="RES\Villager\VillagerIdle_3_8.bmp" />
    <Image Include="RES\Villager\VillagerIdle_3_9.bmp" />
    <Image Include="RES\Villager\VillagerIdle_4_0.bmp" />
    <Image Include="RES\Villager\VillagerIdle_4_1.bmp" />
    <Image Include="RES\Villager\VillagerIdle_4_10.bmp" />
    <Image Include="RES\Villager\VillagerIdle_4_11.bmp" />
    <Image Include="RES\Villager\VillagerIdle_4_12.bmp" />
    <Image Include="RES\Villager\VillagerIdle_4_13.bmp" />
    <Image Include="RES\Villager\VillagerIdle_4_14.bmp" />
    <Image Include="RES\Villager\VillagerIdle_4_2.bmp" />
    <Image Include="RES\Villager\VillagerIdle_4_3.bmp" />
    <Image Include="RES\Villager\VillagerIdle_4_4.bmp" />
    <Image Include="RES\Villager\VillagerIdle_4_5.bmp" />
    <Image Include="RES\Villager\VillagerIdle_4_6.bmp" />
    <Image Include="RES\Villager\VillagerIdle_4_7.bmp" />
    <Image Include="RES\Villager\VillagerIdle_4_8.bmp" />
    <Image Include="RES\Villager\VillagerIdle_4_9.bmp" />
    <Image Include="RES\Villager\VillagerIdle_5_0.bmp" />
    <Image Include="RES\Villager\VillagerIdle_5_1.bmp" />
    <Image Include="RES\Villager\VillagerIdle_5_10.bmp" />
    <Image Include="RES\Villager\VillagerIdle_5_11.bmp" />
    <Image Include="RES\Villager\VillagerIdle_5_12.bmp" />
    <Image Include="RES\Villager\VillagerIdle_5_13.bmp" />
    <Image Include="RES\Villager\VillagerIdle_5_14.bmp" />
    <Image Include="RES\Villager\VillagerIdle_5_2.bmp" />
    <Image Include="RES\Villager\VillagerIdle_5_3.bmp" />
    <Image Include="RES\Villager\VillagerIdle_5_4.bmp" />
    <Image Include="RES\Villager\VillagerIdle_5_5.bmp" />
    <Image Include="RES\Villager\VillagerIdle_5_6.bmp" />
    <Image Include="RES\Villager\VillagerIdle_5_7.bmp" />
    <Image Include="RES\Villager\VillagerIdle_5_8.bmp" />
    <Image Include="RES\Villager\VillagerIdle_5_9.bmp" />
    <Image Include="RES\Villager\VillagerIdle_6_0.bmp" />
    <Image Include="RES\Villager\VillagerIdle_6_1.bmp" />
    <Image Include="RES\Villager\VillagerIdle_6_10.bmp" />
    <Image Include="RES\Villager\VillagerIdle_6_11.bmp" />
    <Image Include="RES\Villager\VillagerIdle_6_12.bmp" />
    <Image Include="RES\Villager\VillagerIdle_6_13.bmp" />
    <Image Include="RES\Villager\VillagerIdle_6_14.bmp" />
    <Image Include="RES\Villager\VillagerIdle_6_2.bmp" />
    <Image Include="RES\Villager\VillagerIdle_6_3.bmp" />
    <Image Include="RES\Villager\VillagerIdle_6_4.bmp" />
    <Image Include="RES\Villager\VillagerIdle_6_5.bmp" />
    <Image Include="RES\Villager\VillagerIdle_6_6.bmp" />
    <Image Include="RES\Villager\VillagerIdle_6_7.bmp" />
    <Image Include="RES\Villager\VillagerIdle_6_8.bmp" />
    <Image Include="RES\Villager\VillagerIdle_6_9.bmp" />
    <Image Include="RES\Villager\VillagerIdle_7_0.bmp" />
    <Image Include="RES\Villager\VillagerIdle_7_1.bmp" />
    <Image Include="RES\Villager\VillagerIdle_7_10.bmp" />
    <Image Include="RES\Villager\VillagerIdle_7_11.bmp" />
    <Image Include="RES\Villager\VillagerIdle_7_12.bmp" />
    <Image Include="RES\Villager\VillagerIdle_7_13.bmp" />
    <Image Include="RES\Villager\VillagerIdle_7_14.bmp" />
    <Image Include="RES\Villager\VillagerIdle_7_2.bmp" />
    <Image Include="RES\Villager\VillagerIdle_7_3.bmp" />
    <Image Include="RES\Villager\VillagerIdle_7_4.bmp" />
    <Image Include="RES\Villager\VillagerIdle_7_5.bmp" />
    <Image Include="RES\Villager\VillagerIdle_7_6.bmp" />
    <Image Include="RES\Villager\VillagerIdle_7_7.bmp" />
    <Image Include="RES\Villager\VillagerIdle_7_8.bmp" />
    <Image Include="RES\Villager\VillagerIdle_7_9.bmp" />
    <Image Include="RES\water.bmp" />
    <Image Include="RES\Entity_Icon\VillagerIcon.bmp" />
    <Image Include="RES\Building\TownCenter.bmp" />
    <Image Include="RES\Entity_Icon\GoldIcon.bmp" />
    <Image Include="RES\Entity_Icon\TownCenterIcon.bmp" />
    <Image Include="RES\mainMenu.bmp" />
    <Image Include="RES\Button_Icon\ButtonMultiGame.bmp" />
    <Image Include="RES\Button_Icon\StartMenuButtonLong.bmp" />
    <Image Include="RES\Button_Icon\StartMenuButtonShort.bmp" />
    <Image Include="RES\ServerFrame.bmp" />
    <Image Include="RES\IP.bmp" />
    <Image Include="RES\Entity_Icon\StoneIcon.bmp" />
    <Image Include="RES\Sheep_aoe2.bmp" />
    <Image Include="RES\Trees_aoe2.bmp" />
  </ItemGroup>
  <ItemGroup>
    <None Include="Res\ball.bmp" />
    <None Include="RES\bmp0.bmp" />
    <None Include="RES\bmp1.bmp" />
    <None Include="RES\bmp10.bmp" />
    <None Include="RES\bmp2.bmp" />
    <None Include="RES\bmp3.bmp" />
    <None Include="RES\bmp4.bmp" />
    <None Include="RES\bmp5.bmp" />
    <None Include="RES\bmp6.bmp" />
    <None Include="RES\bmp7.bmp" />
    <None Include="RES\bmp8.bmp" />
    <None Include="RES\bmp9.bmp" />
    <None Include="RES\center.bmp" />
    <None Include="RES\continue.bmp" />
    <None Include="Res\corner.bmp" />
    <None Include="RES\eraser1.bmp" />
    <None Include="RES\eraser2.bmp" />
    <None Include="RES\eraser3.bmp" />
    <None Include="res\game.ico" />
    <None Include="res\game.rc2" />
    <None Include="RES\gamecurs.cur" />
    <None Include="res\gameDoc.ico" />
    <None Include="RES\help.bmp" />
    <None Include="RES\loading.bmp" />
    <None Include="RES\ntutcsie.bmp" />
    <None Include="res\ribbon1.mfcribbon-ms" />
    <None Include="res\Toolbar.bmp" />
  </ItemGroup>
</Project>