<?xml version="1.0" encoding="utf-8"?>
<Project ToolsVersion="4.0" xmlns="http://schemas.microsoft.com/developer/msbuild/2003">
  <ItemGroup>
    <Filter Include="Resource Files">
      <UniqueIdentifier>{1a913106-0be0-4476-b0ce-2aa855072614}</UniqueIdentifier>
      <Extensions>ico;cur;bmp;dlg;rc2;rct;bin;cnt;rtf;gif;jpg;jpeg;jpe</Extensions>
    </Filter>
    <Filter Include="MFC">
      <UniqueIdentifier>{da904ee8-7f59-4a6c-b3ff-b91b6fb6d0ea}</UniqueIdentifier>
    </Filter>
    <Filter Include="GameLibrary">
      <UniqueIdentifier>{df7aa532-3fdf-46a0-b3fc-8f5922e8d9e4}</UniqueIdentifier>
    </Filter>
    <Filter Include="MyGame">
      <UniqueIdentifier>{0c798913-b7d2-4e26-8241-0f83266cd626}</UniqueIdentifier>
    </Filter>
    <Filter Include="MyGame\CompositePattern">
      <UniqueIdentifier>{e543d1ae-feff-437a-a913-0af76dffad08}</UniqueIdentifier>
    </Filter>
    <Filter Include="MyGame\CompositePattern\Composites">
      <UniqueIdentifier>{e2148f91-beea-4c58-8899-beefe888587b}</UniqueIdentifier>
    </Filter>
    <Filter Include="MyGame\CompositePattern\Leafs">
      <UniqueIdentifier>{c03a5c04-a9d0-494c-a952-1518314f2a88}</UniqueIdentifier>
    </Filter>
    <Filter Include="MyGame\CompositePattern\Components">
      <UniqueIdentifier>{1334ec3a-5f01-45ee-bf54-1b0676ac7aff}</UniqueIdentifier>
    </Filter>
    <Filter Include="MyGame\CompositePattern\Composites\UnitTypes">
      <UniqueIdentifier>{d0e1f37c-c5cb-4f48-b21e-fd548a303f90}</UniqueIdentifier>
    </Filter>
    <Filter Include="MyGame\CompositePattern\Composites\Resources">
      <UniqueIdentifier>{b0bf05f7-3d08-42d3-8344-d58f072f8b9b}</UniqueIdentifier>
    </Filter>
    <Filter Include="MyGame\CompositePattern\Composites\BuildingTypes">
      <UniqueIdentifier>{a7d38ce0-138f-432f-ba58-9008555fd205}</UniqueIdentifier>
    </Filter>
    <Filter Include="MyGame\Manager">
      <UniqueIdentifier>{ef9c6cdf-d810-419f-86f9-c2db6010fdef}</UniqueIdentifier>
    </Filter>
    <Filter Include="MyGame\ObjectPool">
      <UniqueIdentifier>{4adba7cd-b701-40f8-abba-46e350bcb14b}</UniqueIdentifier>
    </Filter>
  </ItemGroup>
  <ItemGroup>
    <None Include="Res\ball.bmp">
      <Filter>Resource Files</Filter>
    </None>
    <None Include="RES\bmp0.bmp">
      <Filter>Resource Files</Filter>
    </None>
    <None Include="RES\bmp1.bmp">
      <Filter>Resource Files</Filter>
    </None>
    <None Include="RES\bmp10.bmp">
      <Filter>Resource Files</Filter>
    </None>
    <None Include="RES\bmp2.bmp">
      <Filter>Resource Files</Filter>
    </None>
    <None Include="RES\bmp3.bmp">
      <Filter>Resource Files</Filter>
    </None>
    <None Include="RES\bmp4.bmp">
      <Filter>Resource Files</Filter>
    </None>
    <None Include="RES\bmp5.bmp">
      <Filter>Resource Files</Filter>
    </None>
    <None Include="RES\bmp6.bmp">
      <Filter>Resource Files</Filter>
    </None>
    <None Include="RES\bmp7.bmp">
      <Filter>Resource Files</Filter>
    </None>
    <None Include="RES\bmp8.bmp">
      <Filter>Resource Files</Filter>
    </None>
    <None Include="RES\bmp9.bmp">
      <Filter>Resource Files</Filter>
    </None>
    <None Include="RES\center.bmp">
      <Filter>Resource Files</Filter>
    </None>
    <None Include="RES\continue.bmp">
      <Filter>Resource Files</Filter>
    </None>
    <None Include="Res\corner.bmp">
      <Filter>Resource Files</Filter>
    </None>
    <None Include="RES\eraser1.bmp">
      <Filter>Resource Files</Filter>
    </None>
    <None Include="RES\eraser2.bmp">
      <Filter>Resource Files</Filter>
    </None>
    <None Include="RES\eraser3.bmp">
      <Filter>Resource Files</Filter>
    </None>
    <None Include="res\game.ico">
      <Filter>Resource Files</Filter>
    </None>
    <None Include="res\game.rc2">
      <Filter>Resource Files</Filter>
    </None>
    <None Include="RES\gamecurs.cur">
      <Filter>Resource Files</Filter>
    </None>
    <None Include="res\gameDoc.ico">
      <Filter>Resource Files</Filter>
    </None>
    <None Include="RES\help.bmp">
      <Filter>Resource Files</Filter>
    </None>
    <None Include="RES\loading.bmp">
      <Filter>Resource Files</Filter>
    </None>
    <None Include="RES\ntutcsie.bmp">
      <Filter>Resource Files</Filter>
    </None>
    <None Include="res\Toolbar.bmp">
      <Filter>Resource Files</Filter>
    </None>
  </ItemGroup>
  <ItemGroup>
    <ClCompile Include="Source\audio.cpp">
      <Filter>GameLibrary</Filter>
    </ClCompile>
    <ClCompile Include="Source\game.cpp">
      <Filter>MFC</Filter>
    </ClCompile>
    <ClCompile Include="Source\gameDoc.cpp">
      <Filter>MFC</Filter>
    </ClCompile>
    <ClCompile Include="Source\gamelib.cpp">
      <Filter>GameLibrary</Filter>
    </ClCompile>
    <ClCompile Include="Source\gameView.cpp">
      <Filter>MFC</Filter>
    </ClCompile>
    <ClCompile Include="Source\MainFrm.cpp">
      <Filter>MFC</Filter>
    </ClCompile>
    <ClCompile Include="Source\StdAfx.cpp">
      <Filter>MFC</Filter>
    </ClCompile>
    <ClCompile Include="Source\mygame.cpp">
      <Filter>MyGame</Filter>
    </ClCompile>
    <ClCompile Include="Source\CEraser.cpp">
      <Filter>MyGame</Filter>
    </ClCompile>
    <ClCompile Include="Source\CBall.cpp">
      <Filter>MyGame</Filter>
    </ClCompile>
    <ClCompile Include="Source\CBouncingBall.cpp">
      <Filter>MyGame</Filter>
    </ClCompile>
    <ClCompile Include="Component.cpp">
      <Filter>MyGame\CompositePattern\Components</Filter>
    </ClCompile>
    <ClCompile Include="Collectable.cpp">
      <Filter>MyGame\CompositePattern\Leafs</Filter>
    </ClCompile>
    <ClCompile Include="Tree.cpp">
      <Filter>MyGame\CompositePattern\Composites\Resources</Filter>
    </ClCompile>
    <ClCompile Include="StoneMine.cpp">
      <Filter>MyGame\CompositePattern\Composites\Resources</Filter>
    </ClCompile>
    <ClCompile Include="GoldMine.cpp">
      <Filter>MyGame\CompositePattern\Composites\Resources</Filter>
    </ClCompile>
  </ItemGroup>
  <ItemGroup>
    <ClInclude Include="Source\audio.h">
      <Filter>GameLibrary</Filter>
    </ClInclude>
    <ClInclude Include="Source\game.h">
      <Filter>MFC</Filter>
    </ClInclude>
    <ClInclude Include="Source\gameDoc.h">
      <Filter>MFC</Filter>
    </ClInclude>
    <ClInclude Include="Source\gamelib.h">
      <Filter>GameLibrary</Filter>
    </ClInclude>
    <ClInclude Include="Source\gameView.h">
      <Filter>MFC</Filter>
    </ClInclude>
    <ClInclude Include="Source\MainFrm.h">
      <Filter>MFC</Filter>
    </ClInclude>
    <ClInclude Include="Source\Resource.h">
      <Filter>MFC</Filter>
    </ClInclude>
    <ClInclude Include="Source\StdAfx.h">
      <Filter>MFC</Filter>
    </ClInclude>
    <ClInclude Include="Source\mygame.h">
      <Filter>MyGame</Filter>
    </ClInclude>
    <ClInclude Include="Source\CEraser.h">
      <Filter>MyGame</Filter>
    </ClInclude>
    <ClInclude Include="Source\CBall.h">
      <Filter>MyGame</Filter>
    </ClInclude>
    <ClInclude Include="Source\CBouncingBall.h">
      <Filter>MyGame</Filter>
    </ClInclude>
    <ClInclude Include="PlayerControl.h">
      <Filter>MyGame\CompositePattern\Leafs</Filter>
    </ClInclude>
    <ClInclude Include="Component.h">
      <Filter>MyGame\CompositePattern\Components</Filter>
    </ClInclude>
    <ClInclude Include="Building.h">
      <Filter>MyGame\CompositePattern\Composites</Filter>
    </ClInclude>
    <ClInclude Include="Unit.h">
      <Filter>MyGame\CompositePattern\Composites</Filter>
    </ClInclude>
    <ClInclude Include="Archer.h">
      <Filter>MyGame\CompositePattern\Composites\UnitTypes</Filter>
    </ClInclude>
    <ClInclude Include="Infantry.h">
      <Filter>MyGame\CompositePattern\Composites\UnitTypes</Filter>
    </ClInclude>
    <ClInclude Include="Villager.h">
      <Filter>MyGame\CompositePattern\Composites\UnitTypes</Filter>
    </ClInclude>
    <ClInclude Include="SiegeWeapon.h">
      <Filter>MyGame\CompositePattern\Composites\UnitTypes</Filter>
    </ClInclude>
    <ClInclude Include="Cavalry.h">
      <Filter>MyGame\CompositePattern\Composites\UnitTypes</Filter>
    </ClInclude>
    <ClInclude Include="Ship.h">
      <Filter>MyGame\CompositePattern\Composites\UnitTypes</Filter>
    </ClInclude>
    <ClInclude Include="Tree.h">
      <Filter>MyGame\CompositePattern\Composites\Resources</Filter>
    </ClInclude>
    <ClInclude Include="Animal.h">
      <Filter>MyGame\CompositePattern\Composites\Resources</Filter>
    </ClInclude>
    <ClInclude Include="GoldMine.h">
      <Filter>MyGame\CompositePattern\Composites\Resources</Filter>
    </ClInclude>
    <ClInclude Include="StoneMine.h">
      <Filter>MyGame\CompositePattern\Composites\Resources</Filter>
    </ClInclude>
    <ClInclude Include="Wonder.h">
      <Filter>MyGame\CompositePattern\Composites\BuildingTypes</Filter>
    </ClInclude>
    <ClInclude Include="Economic.h">
      <Filter>MyGame\CompositePattern\Composites\BuildingTypes</Filter>
    </ClInclude>
    <ClInclude Include="Research.h">
      <Filter>MyGame\CompositePattern\Composites\BuildingTypes</Filter>
    </ClInclude>
    <ClInclude Include="Walkable.h">
      <Filter>MyGame\CompositePattern\Leafs</Filter>
    </ClInclude>
    <ClInclude Include="Garrisonable.h">
      <Filter>MyGame\CompositePattern\Leafs</Filter>
    </ClInclude>
    <ClInclude Include="Collectable.h">
      <Filter>MyGame\CompositePattern\Leafs</Filter>
    </ClInclude>
    <ClInclude Include="Trainer.h">
      <Filter>MyGame\CompositePattern\Leafs</Filter>
    </ClInclude>
    <ClInclude Include="Upgrader.h">
      <Filter>MyGame\CompositePattern\Leafs</Filter>
    </ClInclude>
    <ClInclude Include="Builder.h">
      <Filter>MyGame\CompositePattern\Leafs</Filter>
    </ClInclude>
  </ItemGroup>
  <ItemGroup>
    <ResourceCompile Include="Source\game.rc">
      <Filter>MFC</Filter>
    </ResourceCompile>
  </ItemGroup>
</Project>