<?xml version="1.0" encoding="utf-8"?>
<Project ToolsVersion="4.0" xmlns="http://schemas.microsoft.com/developer/msbuild/2003">
  <ItemGroup>
    <Filter Include="Resource Files">
      <UniqueIdentifier>{1a913106-0be0-4476-b0ce-2aa855072614}</UniqueIdentifier>
      <Extensions>ico;cur;bmp;dlg;rc2;rct;bin;cnt;rtf;gif;jpg;jpeg;jpe</Extensions>
    </Filter>
    <Filter Include="MFC">
      <UniqueIdentifier>{da904ee8-7f59-4a6c-b3ff-b91b6fb6d0ea}</UniqueIdentifier>
    </Filter>
    <Filter Include="GameLibrary">
      <UniqueIdentifier>{df7aa532-3fdf-46a0-b3fc-8f5922e8d9e4}</UniqueIdentifier>
    </Filter>
    <Filter Include="MyGame">
      <UniqueIdentifier>{0c798913-b7d2-4e26-8241-0f83266cd626}</UniqueIdentifier>
    </Filter>
    <Filter Include="MyGame\Units">
      <UniqueIdentifier>{572cd421-7d31-45d9-8dec-9907fc579d95}</UniqueIdentifier>
    </Filter>
    <Filter Include="MyGame\Player">
      <UniqueIdentifier>{685f2854-e76b-4c2e-b34d-cbc0de399fbd}</UniqueIdentifier>
    </Filter>
    <Filter Include="MyGame\Units\Leafs">
      <UniqueIdentifier>{26e470b6-f451-4869-a92d-5fabaa76f091}</UniqueIdentifier>
    </Filter>
    <Filter Include="MyGame\Units\Composites">
      <UniqueIdentifier>{29a98159-e8df-4c21-94be-067541bf4444}</UniqueIdentifier>
    </Filter>
    <Filter Include="MyGame\Units\Base">
      <UniqueIdentifier>{f72987f1-cbae-4471-828b-e7a1e168a431}</UniqueIdentifier>
    </Filter>
  </ItemGroup>
  <ItemGroup>
    <None Include="Res\ball.bmp">
      <Filter>Resource Files</Filter>
    </None>
    <None Include="RES\bmp0.bmp">
      <Filter>Resource Files</Filter>
    </None>
    <None Include="RES\bmp1.bmp">
      <Filter>Resource Files</Filter>
    </None>
    <None Include="RES\bmp10.bmp">
      <Filter>Resource Files</Filter>
    </None>
    <None Include="RES\bmp2.bmp">
      <Filter>Resource Files</Filter>
    </None>
    <None Include="RES\bmp3.bmp">
      <Filter>Resource Files</Filter>
    </None>
    <None Include="RES\bmp4.bmp">
      <Filter>Resource Files</Filter>
    </None>
    <None Include="RES\bmp5.bmp">
      <Filter>Resource Files</Filter>
    </None>
    <None Include="RES\bmp6.bmp">
      <Filter>Resource Files</Filter>
    </None>
    <None Include="RES\bmp7.bmp">
      <Filter>Resource Files</Filter>
    </None>
    <None Include="RES\bmp8.bmp">
      <Filter>Resource Files</Filter>
    </None>
    <None Include="RES\bmp9.bmp">
      <Filter>Resource Files</Filter>
    </None>
    <None Include="RES\center.bmp">
      <Filter>Resource Files</Filter>
    </None>
    <None Include="RES\continue.bmp">
      <Filter>Resource Files</Filter>
    </None>
    <None Include="Res\corner.bmp">
      <Filter>Resource Files</Filter>
    </None>
    <None Include="RES\eraser1.bmp">
      <Filter>Resource Files</Filter>
    </None>
    <None Include="RES\eraser2.bmp">
      <Filter>Resource Files</Filter>
    </None>
    <None Include="RES\eraser3.bmp">
      <Filter>Resource Files</Filter>
    </None>
    <None Include="res\game.ico">
      <Filter>Resource Files</Filter>
    </None>
    <None Include="res\game.rc2">
      <Filter>Resource Files</Filter>
    </None>
    <None Include="RES\gamecurs.cur">
      <Filter>Resource Files</Filter>
    </None>
    <None Include="res\gameDoc.ico">
      <Filter>Resource Files</Filter>
    </None>
    <None Include="RES\help.bmp">
      <Filter>Resource Files</Filter>
    </None>
    <None Include="RES\loading.bmp">
      <Filter>Resource Files</Filter>
    </None>
    <None Include="RES\ntutcsie.bmp">
      <Filter>Resource Files</Filter>
    </None>
    <None Include="res\Toolbar.bmp">
      <Filter>Resource Files</Filter>
    </None>
    <None Include="res\ribbon1.mfcribbon-ms" />
  </ItemGroup>
  <ItemGroup>
    <ClCompile Include="Source\audio.cpp">
      <Filter>GameLibrary</Filter>
    </ClCompile>
    <ClCompile Include="Source\game.cpp">
      <Filter>MFC</Filter>
    </ClCompile>
    <ClCompile Include="Source\gameDoc.cpp">
      <Filter>MFC</Filter>
    </ClCompile>
    <ClCompile Include="Source\gamelib.cpp">
      <Filter>GameLibrary</Filter>
    </ClCompile>
    <ClCompile Include="Source\gameView.cpp">
      <Filter>MFC</Filter>
    </ClCompile>
    <ClCompile Include="Source\MainFrm.cpp">
      <Filter>MFC</Filter>
    </ClCompile>
    <ClCompile Include="Source\StdAfx.cpp">
      <Filter>MFC</Filter>
    </ClCompile>
    <ClCompile Include="Source\mygame.cpp">
      <Filter>MyGame</Filter>
    </ClCompile>
    <ClCompile Include="Source\CEraser.cpp">
      <Filter>MyGame</Filter>
    </ClCompile>
    <ClCompile Include="Source\CBall.cpp">
      <Filter>MyGame</Filter>
    </ClCompile>
    <ClCompile Include="Source\CBouncingBall.cpp">
      <Filter>MyGame</Filter>
    </ClCompile>
    <ClCompile Include="Source\World.cpp" />
    <ClCompile Include="Source\GUI\Button.cpp" />
    <ClCompile Include="Source\GUI\GUI.cpp" />
    <ClCompile Include="Source\GUI\miniMap.cpp" />
  </ItemGroup>
  <ItemGroup>
    <ClInclude Include="Source\audio.h">
      <Filter>GameLibrary</Filter>
    </ClInclude>
    <ClInclude Include="Source\game.h">
      <Filter>MFC</Filter>
    </ClInclude>
    <ClInclude Include="Source\gameDoc.h">
      <Filter>MFC</Filter>
    </ClInclude>
    <ClInclude Include="Source\gamelib.h">
      <Filter>GameLibrary</Filter>
    </ClInclude>
    <ClInclude Include="Source\gameView.h">
      <Filter>MFC</Filter>
    </ClInclude>
    <ClInclude Include="Source\MainFrm.h">
      <Filter>MFC</Filter>
    </ClInclude>
    <ClInclude Include="Source\Resource.h">
      <Filter>MFC</Filter>
    </ClInclude>
    <ClInclude Include="Source\StdAfx.h">
      <Filter>MFC</Filter>
    </ClInclude>
    <ClInclude Include="Source\mygame.h">
      <Filter>MyGame</Filter>
    </ClInclude>
    <ClInclude Include="Source\CEraser.h">
      <Filter>MyGame</Filter>
    </ClInclude>
    <ClInclude Include="Source\CBall.h">
      <Filter>MyGame</Filter>
    </ClInclude>
    <ClInclude Include="Source\CBouncingBall.h">
      <Filter>MyGame</Filter>
    </ClInclude>
    <ClInclude Include="Source\Player\Player.h">
      <Filter>MyGame\Player</Filter>
    </ClInclude>
    <ClInclude Include="Source\World.h" />
    <ClInclude Include="Source\Units\UnitBase.h">
      <Filter>MyGame\Units\Base</Filter>
    </ClInclude>
    <ClInclude Include="Source\Units\Navigator.h">
      <Filter>MyGame\Units\Leafs</Filter>
    </ClInclude>
    <ClInclude Include="Source\Units\Gatherable.h">
      <Filter>MyGame\Units\Leafs</Filter>
    </ClInclude>
    <ClInclude Include="Source\Units\Building.h">
      <Filter>MyGame\Units\Base</Filter>
    </ClInclude>
    <ClInclude Include="Source\Units\Entity.h">
      <Filter>MyGame\Units\Base</Filter>
    </ClInclude>
    <ClInclude Include="Source\Units\Villager.h">
      <Filter>MyGame\Units\Composites</Filter>
    </ClInclude>
    <ClInclude Include="Source\Units\Mine.h">
      <Filter>MyGame\Units\Composites</Filter>
    </ClInclude>
    <ClInclude Include="Source\Player\GameResource.h">
      <Filter>MyGame\Player</Filter>
    </ClInclude>
    <ClInclude Include="Source\Units\TownCenter.h">
      <Filter>MyGame\Units\Composites</Filter>
    </ClInclude>
    <ClInclude Include="Source\GUI\Button.h" />
    <ClInclude Include="Source\GUI\GUI.h" />
    <ClInclude Include="Source\GUI\miniMap.h" />
  </ItemGroup>
  <ItemGroup>
    <ResourceCompile Include="Source\game.rc">
      <Filter>MFC</Filter>
    </ResourceCompile>
  </ItemGroup>
  <ItemGroup>
    <Image Include="RES\Grass.bmp">
      <Filter>Resource Files</Filter>
    </Image>
    <Image Include="res\bitmap3.bmp">
      <Filter>Resource Files</Filter>
    </Image>
    <Image Include="RES\Gold_aoe2.bmp">
      <Filter>Resource Files</Filter>
    </Image>
    <Image Include="RES\Stone_aoe2.bmp">
      <Filter>Resource Files</Filter>
    </Image>
    <Image Include="RES\Villager\VillagerIdle_0_0.bmp">
      <Filter>Resource Files</Filter>
    </Image>
    <Image Include="RES\Villager\VillagerIdle_0_1.bmp">
      <Filter>Resource Files</Filter>
    </Image>
    <Image Include="RES\Villager\VillagerIdle_0_2.bmp">
      <Filter>Resource Files</Filter>
    </Image>
    <Image Include="RES\Villager\VillagerIdle_0_3.bmp">
      <Filter>Resource Files</Filter>
    </Image>
    <Image Include="RES\Villager\VillagerIdle_0_4.bmp">
      <Filter>Resource Files</Filter>
    </Image>
    <Image Include="RES\Villager\VillagerIdle_0_5.bmp">
      <Filter>Resource Files</Filter>
    </Image>
    <Image Include="RES\Villager\VillagerIdle_0_6.bmp">
      <Filter>Resource Files</Filter>
    </Image>
    <Image Include="RES\Villager\VillagerIdle_0_7.bmp">
      <Filter>Resource Files</Filter>
    </Image>
    <Image Include="RES\Villager\VillagerIdle_0_8.bmp">
      <Filter>Resource Files</Filter>
    </Image>
    <Image Include="RES\Villager\VillagerIdle_0_9.bmp">
      <Filter>Resource Files</Filter>
    </Image>
    <Image Include="RES\Villager\VillagerIdle_0_10.bmp">
      <Filter>Resource Files</Filter>
    </Image>
    <Image Include="RES\Villager\VillagerIdle_0_11.bmp">
      <Filter>Resource Files</Filter>
    </Image>
    <Image Include="RES\Villager\VillagerIdle_0_12.bmp">
      <Filter>Resource Files</Filter>
    </Image>
    <Image Include="RES\Villager\VillagerIdle_0_13.bmp">
      <Filter>Resource Files</Filter>
    </Image>
    <Image Include="RES\Villager\VillagerIdle_0_14.bmp">
      <Filter>Resource Files</Filter>
    </Image>
    <Image Include="RES\Villager\VillagerIdle_1_0.bmp">
      <Filter>Resource Files</Filter>
    </Image>
    <Image Include="RES\Villager\VillagerIdle_1_1.bmp">
      <Filter>Resource Files</Filter>
    </Image>
    <Image Include="RES\Villager\VillagerIdle_1_2.bmp">
      <Filter>Resource Files</Filter>
    </Image>
    <Image Include="RES\Villager\VillagerIdle_1_3.bmp">
      <Filter>Resource Files</Filter>
    </Image>
    <Image Include="RES\Villager\VillagerIdle_1_4.bmp">
      <Filter>Resource Files</Filter>
    </Image>
    <Image Include="RES\Villager\VillagerIdle_1_5.bmp">
      <Filter>Resource Files</Filter>
    </Image>
    <Image Include="RES\Villager\VillagerIdle_1_6.bmp">
      <Filter>Resource Files</Filter>
    </Image>
    <Image Include="RES\Villager\VillagerIdle_1_7.bmp">
      <Filter>Resource Files</Filter>
    </Image>
    <Image Include="RES\Villager\VillagerIdle_1_8.bmp">
      <Filter>Resource Files</Filter>
    </Image>
    <Image Include="RES\Villager\VillagerIdle_1_9.bmp">
      <Filter>Resource Files</Filter>
    </Image>
    <Image Include="RES\Villager\VillagerIdle_1_10.bmp">
      <Filter>Resource Files</Filter>
    </Image>
    <Image Include="RES\Villager\VillagerIdle_1_11.bmp">
      <Filter>Resource Files</Filter>
    </Image>
    <Image Include="RES\Villager\VillagerIdle_1_12.bmp">
      <Filter>Resource Files</Filter>
    </Image>
    <Image Include="RES\Villager\VillagerIdle_1_13.bmp">
      <Filter>Resource Files</Filter>
    </Image>
    <Image Include="RES\Villager\VillagerIdle_1_14.bmp">
      <Filter>Resource Files</Filter>
    </Image>
    <Image Include="RES\Villager\VillagerIdle_2_0.bmp">
      <Filter>Resource Files</Filter>
    </Image>
    <Image Include="RES\Villager\VillagerIdle_2_1.bmp">
      <Filter>Resource Files</Filter>
    </Image>
    <Image Include="RES\Villager\VillagerIdle_2_2.bmp">
      <Filter>Resource Files</Filter>
    </Image>
    <Image Include="RES\Villager\VillagerIdle_2_3.bmp">
      <Filter>Resource Files</Filter>
    </Image>
    <Image Include="RES\Villager\VillagerIdle_2_4.bmp">
      <Filter>Resource Files</Filter>
    </Image>
    <Image Include="RES\Villager\VillagerIdle_2_5.bmp">
      <Filter>Resource Files</Filter>
    </Image>
    <Image Include="RES\Villager\VillagerIdle_2_6.bmp">
      <Filter>Resource Files</Filter>
    </Image>
    <Image Include="RES\Villager\VillagerIdle_2_7.bmp">
      <Filter>Resource Files</Filter>
    </Image>
    <Image Include="RES\Villager\VillagerIdle_2_8.bmp">
      <Filter>Resource Files</Filter>
    </Image>
    <Image Include="RES\Villager\VillagerIdle_2_9.bmp">
      <Filter>Resource Files</Filter>
    </Image>
    <Image Include="RES\Villager\VillagerIdle_2_10.bmp">
      <Filter>Resource Files</Filter>
    </Image>
    <Image Include="RES\Villager\VillagerIdle_2_11.bmp">
      <Filter>Resource Files</Filter>
    </Image>
    <Image Include="RES\Villager\VillagerIdle_2_12.bmp">
      <Filter>Resource Files</Filter>
    </Image>
    <Image Include="RES\Villager\VillagerIdle_2_13.bmp">
      <Filter>Resource Files</Filter>
    </Image>
    <Image Include="RES\Villager\VillagerIdle_2_14.bmp">
      <Filter>Resource Files</Filter>
    </Image>
    <Image Include="RES\Villager\VillagerIdle_3_0.bmp">
      <Filter>Resource Files</Filter>
    </Image>
    <Image Include="RES\Villager\VillagerIdle_3_1.bmp">
      <Filter>Resource Files</Filter>
    </Image>
    <Image Include="RES\Villager\VillagerIdle_3_2.bmp">
      <Filter>Resource Files</Filter>
    </Image>
    <Image Include="RES\Villager\VillagerIdle_3_3.bmp">
      <Filter>Resource Files</Filter>
    </Image>
    <Image Include="RES\Villager\VillagerIdle_3_4.bmp">
      <Filter>Resource Files</Filter>
    </Image>
    <Image Include="RES\Villager\VillagerIdle_3_5.bmp">
      <Filter>Resource Files</Filter>
    </Image>
    <Image Include="RES\Villager\VillagerIdle_3_6.bmp">
      <Filter>Resource Files</Filter>
    </Image>
    <Image Include="RES\Villager\VillagerIdle_3_7.bmp">
      <Filter>Resource Files</Filter>
    </Image>
    <Image Include="RES\Villager\VillagerIdle_3_8.bmp">
      <Filter>Resource Files</Filter>
    </Image>
    <Image Include="RES\Villager\VillagerIdle_3_9.bmp">
      <Filter>Resource Files</Filter>
    </Image>
    <Image Include="RES\Villager\VillagerIdle_3_10.bmp">
      <Filter>Resource Files</Filter>
    </Image>
    <Image Include="RES\Villager\VillagerIdle_3_11.bmp">
      <Filter>Resource Files</Filter>
    </Image>
    <Image Include="RES\Villager\VillagerIdle_3_12.bmp">
      <Filter>Resource Files</Filter>
    </Image>
    <Image Include="RES\Villager\VillagerIdle_3_13.bmp">
      <Filter>Resource Files</Filter>
    </Image>
    <Image Include="RES\Villager\VillagerIdle_3_14.bmp">
      <Filter>Resource Files</Filter>
    </Image>
    <Image Include="RES\Villager\VillagerIdle_4_0.bmp">
      <Filter>Resource Files</Filter>
    </Image>
    <Image Include="RES\Villager\VillagerIdle_4_1.bmp">
      <Filter>Resource Files</Filter>
    </Image>
    <Image Include="RES\Villager\VillagerIdle_4_2.bmp">
      <Filter>Resource Files</Filter>
    </Image>
    <Image Include="RES\Villager\VillagerIdle_4_3.bmp">
      <Filter>Resource Files</Filter>
    </Image>
    <Image Include="RES\Villager\VillagerIdle_4_4.bmp">
      <Filter>Resource Files</Filter>
    </Image>
    <Image Include="RES\Villager\VillagerIdle_4_5.bmp">
      <Filter>Resource Files</Filter>
    </Image>
    <Image Include="RES\Villager\VillagerIdle_4_6.bmp">
      <Filter>Resource Files</Filter>
    </Image>
    <Image Include="RES\Villager\VillagerIdle_4_7.bmp">
      <Filter>Resource Files</Filter>
    </Image>
    <Image Include="RES\Villager\VillagerIdle_4_8.bmp">
      <Filter>Resource Files</Filter>
    </Image>
    <Image Include="RES\Villager\VillagerIdle_4_9.bmp">
      <Filter>Resource Files</Filter>
    </Image>
    <Image Include="RES\Villager\VillagerIdle_4_10.bmp">
      <Filter>Resource Files</Filter>
    </Image>
    <Image Include="RES\Villager\VillagerIdle_4_11.bmp">
      <Filter>Resource Files</Filter>
    </Image>
    <Image Include="RES\Villager\VillagerIdle_4_12.bmp">
      <Filter>Resource Files</Filter>
    </Image>
    <Image Include="RES\Villager\VillagerIdle_4_13.bmp">
      <Filter>Resource Files</Filter>
    </Image>
    <Image Include="RES\Villager\VillagerIdle_4_14.bmp">
      <Filter>Resource Files</Filter>
    </Image>
    <Image Include="RES\Villager\VillagerIdle_5_0.bmp">
      <Filter>Resource Files</Filter>
    </Image>
    <Image Include="RES\Villager\VillagerIdle_5_1.bmp">
      <Filter>Resource Files</Filter>
    </Image>
    <Image Include="RES\Villager\VillagerIdle_5_2.bmp">
      <Filter>Resource Files</Filter>
    </Image>
    <Image Include="RES\Villager\VillagerIdle_5_3.bmp">
      <Filter>Resource Files</Filter>
    </Image>
    <Image Include="RES\Villager\VillagerIdle_5_4.bmp">
      <Filter>Resource Files</Filter>
    </Image>
    <Image Include="RES\Villager\VillagerIdle_5_5.bmp">
      <Filter>Resource Files</Filter>
    </Image>
    <Image Include="RES\Villager\VillagerIdle_5_6.bmp">
      <Filter>Resource Files</Filter>
    </Image>
    <Image Include="RES\Villager\VillagerIdle_5_7.bmp">
      <Filter>Resource Files</Filter>
    </Image>
    <Image Include="RES\Villager\VillagerIdle_5_8.bmp">
      <Filter>Resource Files</Filter>
    </Image>
    <Image Include="RES\Villager\VillagerIdle_5_9.bmp">
      <Filter>Resource Files</Filter>
    </Image>
    <Image Include="RES\Villager\VillagerIdle_5_10.bmp">
      <Filter>Resource Files</Filter>
    </Image>
    <Image Include="RES\Villager\VillagerIdle_5_11.bmp">
      <Filter>Resource Files</Filter>
    </Image>
    <Image Include="RES\Villager\VillagerIdle_5_12.bmp">
      <Filter>Resource Files</Filter>
    </Image>
    <Image Include="RES\Villager\VillagerIdle_5_13.bmp">
      <Filter>Resource Files</Filter>
    </Image>
    <Image Include="RES\Villager\VillagerIdle_5_14.bmp">
      <Filter>Resource Files</Filter>
    </Image>
    <Image Include="RES\Villager\VillagerIdle_6_0.bmp">
      <Filter>Resource Files</Filter>
    </Image>
    <Image Include="RES\Villager\VillagerIdle_6_1.bmp">
      <Filter>Resource Files</Filter>
    </Image>
    <Image Include="RES\Villager\VillagerIdle_6_2.bmp">
      <Filter>Resource Files</Filter>
    </Image>
    <Image Include="RES\Villager\VillagerIdle_6_3.bmp">
      <Filter>Resource Files</Filter>
    </Image>
    <Image Include="RES\Villager\VillagerIdle_6_4.bmp">
      <Filter>Resource Files</Filter>
    </Image>
    <Image Include="RES\Villager\VillagerIdle_6_5.bmp">
      <Filter>Resource Files</Filter>
    </Image>
    <Image Include="RES\Villager\VillagerIdle_6_6.bmp">
      <Filter>Resource Files</Filter>
    </Image>
    <Image Include="RES\Villager\VillagerIdle_6_7.bmp">
      <Filter>Resource Files</Filter>
    </Image>
    <Image Include="RES\Villager\VillagerIdle_6_8.bmp">
      <Filter>Resource Files</Filter>
    </Image>
    <Image Include="RES\Villager\VillagerIdle_6_9.bmp">
      <Filter>Resource Files</Filter>
    </Image>
    <Image Include="RES\Villager\VillagerIdle_6_10.bmp">
      <Filter>Resource Files</Filter>
    </Image>
    <Image Include="RES\Villager\VillagerIdle_6_11.bmp">
      <Filter>Resource Files</Filter>
    </Image>
    <Image Include="RES\Villager\VillagerIdle_6_12.bmp">
      <Filter>Resource Files</Filter>
    </Image>
    <Image Include="RES\Villager\VillagerIdle_6_13.bmp">
      <Filter>Resource Files</Filter>
    </Image>
    <Image Include="RES\Villager\VillagerIdle_6_14.bmp">
      <Filter>Resource Files</Filter>
    </Image>
    <Image Include="RES\Villager\VillagerIdle_7_0.bmp">
      <Filter>Resource Files</Filter>
    </Image>
    <Image Include="RES\Villager\VillagerIdle_7_1.bmp">
      <Filter>Resource Files</Filter>
    </Image>
    <Image Include="RES\Villager\VillagerIdle_7_2.bmp">
      <Filter>Resource Files</Filter>
    </Image>
    <Image Include="RES\Villager\VillagerIdle_7_3.bmp">
      <Filter>Resource Files</Filter>
    </Image>
    <Image Include="RES\Villager\VillagerIdle_7_4.bmp">
      <Filter>Resource Files</Filter>
    </Image>
    <Image Include="RES\Villager\VillagerIdle_7_5.bmp">
      <Filter>Resource Files</Filter>
    </Image>
    <Image Include="RES\Villager\VillagerIdle_7_6.bmp">
      <Filter>Resource Files</Filter>
    </Image>
    <Image Include="RES\Villager\VillagerIdle_7_7.bmp">
      <Filter>Resource Files</Filter>
    </Image>
    <Image Include="RES\Villager\VillagerIdle_7_8.bmp">
      <Filter>Resource Files</Filter>
    </Image>
    <Image Include="RES\Villager\VillagerIdle_7_9.bmp">
      <Filter>Resource Files</Filter>
    </Image>
    <Image Include="RES\Villager\VillagerIdle_7_10.bmp">
      <Filter>Resource Files</Filter>
    </Image>
    <Image Include="RES\Villager\VillagerIdle_7_11.bmp">
      <Filter>Resource Files</Filter>
    </Image>
    <Image Include="RES\Villager\VillagerIdle_7_12.bmp">
      <Filter>Resource Files</Filter>
    </Image>
    <Image Include="RES\Villager\VillagerIdle_7_13.bmp">
      <Filter>Resource Files</Filter>
    </Image>
    <Image Include="RES\Villager\VillagerIdle_7_14.bmp">
      <Filter>Resource Files</Filter>
    </Image>
    <Image Include="RES\map.bmp">
      <Filter>Resource Files</Filter>
    </Image>
    <Image Include="RES\MiniMap_Current_Location.bmp">
      <Filter>Resource Files</Filter>
    </Image>
    <Image Include="RES\MiniMap_Grass.bmp">
      <Filter>Resource Files</Filter>
    </Image>
    <Image Include="RES\MiniMap_Tree.bmp">
      <Filter>Resource Files</Filter>
    </Image>
    <Image Include="RES\MiniMap_Water.bmp">
      <Filter>Resource Files</Filter>
    </Image>
    <Image Include="RES\MminiMap_Human.bmp">
      <Filter>Resource Files</Filter>
    </Image>
    <Image Include="RES\water.bmp">
      <Filter>Resource Files</Filter>
    </Image>
  </ItemGroup>
</Project>